PODS:
  - Crashlytics (3.6.0):
    - Fabric (~> 1.6.3)
  - Fabric (1.6.5)
  - StreamingKit (0.1.29)

DEPENDENCIES:
  - Crashlytics
  - Fabric
  - StreamingKit

SPEC CHECKSUMS:
  Crashlytics: e4e8d02914f2608fbc7bf42b1a7af838b0db67a2
  Fabric: 338ffd3c2afcab120638907b4251189de9ad17b3
  StreamingKit: c329785aaef3ac142d4ae388345bfe1ed23cfd45

PODFILE CHECKSUM: 768abef1c01aee7389605c7698c752525b9ba016

COCOAPODS: 1.0.0.beta.3
